
Microsoft Visual Studio Solution File, Format Version 12.00
Project("{FAE04EC0-301F-11D3-BF4B-00C04F79EFBC}") = "AdventOfCodeDay5", "AdventOfCodeDay5.csproj", "{EAEAF7B4-2206-4E7D-BCF1-1392045EBF68}"
EndProject
Global
	GlobalSection(SolutionConfigurationPlatforms) = preSolution
		Debug|Any CPU = Debug|Any CPU
		Release|Any CPU = Release|Any CPU
	EndGlobalSection
	GlobalSection(ProjectConfigurationPlatforms) = postSolution
		{EAEAF7B4-2206-4E7D-BCF1-1392045EBF68}.Debug|Any CPU.ActiveCfg = Debug|Any CPU
		{EAEAF7B4-2206-4E7D-BCF1-1392045EBF68}.Debug|Any CPU.Build.0 = Debug|Any CPU
		{EAEAF7B4-2206-4E7D-BCF1-1392045EBF68}.Release|Any CPU.ActiveCfg = Release|Any CPU
		{EAEAF7B4-2206-4E7D-BCF1-1392045EBF68}.Release|Any CPU.Build.0 = Release|Any CPU
	EndGlobalSection
EndGlobal
